// !$*UTF8*$!
{
	archiveVersion = 1;
	classes = {
	};
	objectVersion = 56;
	objects = {

/* Begin PBXBuildFile section */
		024775842CF1FA9E0061CA38 /* StoreAppDemoApp.swift in Sources */ = {isa = PBXBuildFile; fileRef = 024775832CF1FA9E0061CA38 /* StoreAppDemoApp.swift */; };
		024775862CF1FA9E0061CA38 /* ContentView.swift in Sources */ = {isa = PBXBuildFile; fileRef = 024775852CF1FA9E0061CA38 /* ContentView.swift */; };
		024775882CF1FAA20061CA38 /* Assets.xcassets in Resources */ = {isa = PBXBuildFile; fileRef = 024775872CF1FAA20061CA38 /* Assets.xcassets */; };
		0247758B2CF1FAA20061CA38 /* Preview Assets.xcassets in Resources */ = {isa = PBXBuildFile; fileRef = 0247758A2CF1FAA20061CA38 /* Preview Assets.xcassets */; };
		024775952CF1FAA20061CA38 /* StoreAppDemoTests.swift in Sources */ = {isa = PBXBuildFile; fileRef = 024775942CF1FAA20061CA38 /* StoreAppDemoTests.swift */; };
		0247759F2CF1FAA20061CA38 /* StoreAppDemoUITests.swift in Sources */ = {isa = PBXBuildFile; fileRef = 0247759E2CF1FAA20061CA38 /* StoreAppDemoUITests.swift */; };
		024775A12CF1FAA20061CA38 /* StoreAppDemoUITestsLaunchTests.swift in Sources */ = {isa = PBXBuildFile; fileRef = 024775A02CF1FAA20061CA38 /* StoreAppDemoUITestsLaunchTests.swift */; };
/* End PBXBuildFile section */

/* Begin PBXContainerItemProxy section */
		024775912CF1FAA20061CA38 /* PBXContainerItemProxy */ = {
			isa = PBXContainerItemProxy;
			containerPortal = 024775782CF1FA9E0061CA38 /* Project object */;
			proxyType = 1;
			remoteGlobalIDString = 0247757F2CF1FA9E0061CA38;
			remoteInfo = StoreAppDemo;
		};
		0247759B2CF1FAA20061CA38 /* PBXContainerItemProxy */ = {
			isa = PBXContainerItemProxy;
			containerPortal = 024775782CF1FA9E0061CA38 /* Project object */;
			proxyType = 1;
			remoteGlobalIDString = 0247757F2CF1FA9E0061CA38;
			remoteInfo = StoreAppDemo;
		};
/* End PBXContainerItemProxy section */

/* Begin PBXFileReference section */
		024775802CF1FA9E0061CA38 /* StoreAppDemo.app */ = {isa = PBXFileReference; explicitFileType = wrapper.application; includeInIndex = 0; path = StoreAppDemo.app; sourceTree = BUILT_PRODUCTS_DIR; };
		024775832CF1FA9E0061CA38 /* StoreAppDemoApp.swift */ = {isa = PBXFileReference; lastKnownFileType = sourcecode.swift; path = StoreAppDemoApp.swift; sourceTree = "<group>"; };
		024775852CF1FA9E0061CA38 /* ContentView.swift */ = {isa = PBXFileReference; lastKnownFileType = sourcecode.swift; path = ContentView.swift; sourceTree = "<group>"; };
		024775872CF1FAA20061CA38 /* Assets.xcassets */ = {isa = PBXFileReference; lastKnownFileType = folder.assetcatalog; path = Assets.xcassets; sourceTree = "<group>"; };
		0247758A2CF1FAA20061CA38 /* Preview Assets.xcassets */ = {isa = PBXFileReference; lastKnownFileType = folder.assetcatalog; path = "Preview Assets.xcassets"; sourceTree = "<group>"; };
		024775902CF1FAA20061CA38 /* StoreAppDemoTests.xctest */ = {isa = PBXFileReference; explicitFileType = wrapper.cfbundle; includeInIndex = 0; path = StoreAppDemoTests.xctest; sourceTree = BUILT_PRODUCTS_DIR; };
		024775942CF1FAA20061CA38 /* StoreAppDemoTests.swift */ = {isa = PBXFileReference; lastKnownFileType = sourcecode.swift; path = StoreAppDemoTests.swift; sourceTree = "<group>"; };
		0247759A2CF1FAA20061CA38 /* StoreAppDemoUITests.xctest */ = {isa = PBXFileReference; explicitFileType = wrapper.cfbundle; includeInIndex = 0; path = StoreAppDemoUITests.xctest; sourceTree = BUILT_PRODUCTS_DIR; };
		0247759E2CF1FAA20061CA38 /* StoreAppDemoUITests.swift */ = {isa = PBXFileReference; lastKnownFileType = sourcecode.swift; path = StoreAppDemoUITests.swift; sourceTree = "<group>"; };
		024775A02CF1FAA20061CA38 /* StoreAppDemoUITestsLaunchTests.swift */ = {isa = PBXFileReference; lastKnownFileType = sourcecode.swift; path = StoreAppDemoUITestsLaunchTests.swift; sourceTree = "<group>"; };
/* End PBXFileReference section */

/* Begin PBXFrameworksBuildPhase section */
		0247757D2CF1FA9E0061CA38 /* Frameworks */ = {
			isa = PBXFrameworksBuildPhase;
			buildActionMask = 2147483647;
			files = (
			);
			runOnlyForDeploymentPostprocessing = 0;
		};
		0247758D2CF1FAA20061CA38 /* Frameworks */ = {
			isa = PBXFrameworksBuildPhase;
			buildActionMask = 2147483647;
			files = (
			);
			runOnlyForDeploymentPostprocessing = 0;
		};
		024775972CF1FAA20061CA38 /* Frameworks */ = {
			isa = PBXFrameworksBuildPhase;
			buildActionMask = 2147483647;
			files = (
			);
			runOnlyForDeploymentPostprocessing = 0;
		};
/* End PBXFrameworksBuildPhase section */

/* Begin PBXGroup section */
		024775772CF1FA9E0061CA38 = {
			isa = PBXGroup;
			children = (
				024775822CF1FA9E0061CA38 /* StoreAppDemo */,
				024775932CF1FAA20061CA38 /* StoreAppDemoTests */,
				0247759D2CF1FAA20061CA38 /* StoreAppDemoUITests */,
				024775812CF1FA9E0061CA38 /* Products */,
			);
			sourceTree = "<group>";
		};
		024775812CF1FA9E0061CA38 /* Products */ = {
			isa = PBXGroup;
			children = (
				024775802CF1FA9E0061CA38 /* StoreAppDemo.app */,
				024775902CF1FAA20061CA38 /* StoreAppDemoTests.xctest */,
				0247759A2CF1FAA20061CA38 /* StoreAppDemoUITests.xctest */,
			);
			name = Products;
			sourceTree = "<group>";
		};
		024775822CF1FA9E0061CA38 /* StoreAppDemo */ = {
			isa = PBXGroup;
			children = (
				024775832CF1FA9E0061CA38 /* StoreAppDemoApp.swift */,
				024775852CF1FA9E0061CA38 /* ContentView.swift */,
				024775872CF1FAA20061CA38 /* Assets.xcassets */,
				024775892CF1FAA20061CA38 /* Preview Content */,
			);
			path = StoreAppDemo;
			sourceTree = "<group>";
		};
		024775892CF1FAA20061CA38 /* Preview Content */ = {
			isa = PBXGroup;
			children = (
				0247758A2CF1FAA20061CA38 /* Preview Assets.xcassets */,
			);
			path = "Preview Content";
			sourceTree = "<group>";
		};
		024775932CF1FAA20061CA38 /* StoreAppDemoTests */ = {
			isa = PBXGroup;
			children = (
				024775942CF1FAA20061CA38 /* StoreAppDemoTests.swift */,
			);
			path = StoreAppDemoTests;
			sourceTree = "<group>";
		};
		0247759D2CF1FAA20061CA38 /* StoreAppDemoUITests */ = {
			isa = PBXGroup;
			children = (
				0247759E2CF1FAA20061CA38 /* StoreAppDemoUITests.swift */,
				024775A02CF1FAA20061CA38 /* StoreAppDemoUITestsLaunchTests.swift */,
			);
			path = StoreAppDemoUITests;
			sourceTree = "<group>";
		};
/* End PBXGroup section */

/* Begin PBXNativeTarget section */
		0247757F2CF1FA9E0061CA38 /* StoreAppDemo */ = {
			isa = PBXNativeTarget;
			buildConfigurationList = 024775A42CF1FAA20061CA38 /* Build configuration list for PBXNativeTarget "StoreAppDemo" */;
			buildPhases = (
				0247757C2CF1FA9E0061CA38 /* Sources */,
				0247757D2CF1FA9E0061CA38 /* Frameworks */,
				0247757E2CF1FA9E0061CA38 /* Resources */,
			);
			buildRules = (
			);
			dependencies = (
			);
			name = StoreAppDemo;
			productName = StoreAppDemo;
			productReference = 024775802CF1FA9E0061CA38 /* StoreAppDemo.app */;
			productType = "com.apple.product-type.application";
		};
		0247758F2CF1FAA20061CA38 /* StoreAppDemoTests */ = {
			isa = PBXNativeTarget;
			buildConfigurationList = 024775A72CF1FAA20061CA38 /* Build configuration list for PBXNativeTarget "StoreAppDemoTests" */;
			buildPhases = (
				0247758C2CF1FAA20061CA38 /* Sources */,
				0247758D2CF1FAA20061CA38 /* Frameworks */,
				0247758E2CF1FAA20061CA38 /* Resources */,
			);
			buildRules = (
			);
			dependencies = (
				024775922CF1FAA20061CA38 /* PBXTargetDependency */,
			);
			name = StoreAppDemoTests;
			productName = StoreAppDemoTests;
			productReference = 024775902CF1FAA20061CA38 /* StoreAppDemoTests.xctest */;
			productType = "com.apple.product-type.bundle.unit-test";
		};
		024775992CF1FAA20061CA38 /* StoreAppDemoUITests */ = {
			isa = PBXNativeTarget;
			buildConfigurationList = 024775AA2CF1FAA20061CA38 /* Build configuration list for PBXNativeTarget "StoreAppDemoUITests" */;
			buildPhases = (
				024775962CF1FAA20061CA38 /* Sources */,
				024775972CF1FAA20061CA38 /* Frameworks */,
				024775982CF1FAA20061CA38 /* Resources */,
			);
			buildRules = (
			);
			dependencies = (
				0247759C2CF1FAA20061CA38 /* PBXTargetDependency */,
			);
			name = StoreAppDemoUITests;
			productName = StoreAppDemoUITests;
			productReference = 0247759A2CF1FAA20061CA38 /* StoreAppDemoUITests.xctest */;
			productType = "com.apple.product-type.bundle.ui-testing";
		};
/* End PBXNativeTarget section */

/* Begin PBXProject section */
		024775782CF1FA9E0061CA38 /* Project object */ = {
			isa = PBXProject;
			attributes = {
				BuildIndependentTargetsInParallel = 1;
				LastSwiftUpdateCheck = 1530;
				LastUpgradeCheck = 1530;
				TargetAttributes = {
					0247757F2CF1FA9E0061CA38 = {
						CreatedOnToolsVersion = 15.3;
					};
					0247758F2CF1FAA20061CA38 = {
						CreatedOnToolsVersion = 15.3;
						TestTargetID = 0247757F2CF1FA9E0061CA38;
					};
					024775992CF1FAA20061CA38 = {
						CreatedOnToolsVersion = 15.3;
						TestTargetID = 0247757F2CF1FA9E0061CA38;
					};
				};
			};
			buildConfigurationList = 0247757B2CF1FA9E0061CA38 /* Build configuration list for PBXProject "StoreAppDemo" */;
			compatibilityVersion = "Xcode 14.0";
			developmentRegion = en;
			hasScannedForEncodings = 0;
			knownRegions = (
				en,
				Base,
			);
			mainGroup = 024775772CF1FA9E0061CA38;
			productRefGroup = 024775812CF1FA9E0061CA38 /* Products */;
			projectDirPath = "";
			projectRoot = "";
			targets = (
				0247757F2CF1FA9E0061CA38 /* StoreAppDemo */,
				0247758F2CF1FAA20061CA38 /* StoreAppDemoTests */,
				024775992CF1FAA20061CA38 /* StoreAppDemoUITests */,
			);
		};
/* End PBXProject section */

/* Begin PBXResourcesBuildPhase section */
		0247757E2CF1FA9E0061CA38 /* Resources */ = {
			isa = PBXResourcesBuildPhase;
			buildActionMask = 2147483647;
			files = (
				0247758B2CF1FAA20061CA38 /* Preview Assets.xcassets in Resources */,
				024775882CF1FAA20061CA38 /* Assets.xcassets in Resources */,
			);
			runOnlyForDeploymentPostprocessing = 0;
		};
		0247758E2CF1FAA20061CA38 /* Resources */ = {
			isa = PBXResourcesBuildPhase;
			buildActionMask = 2147483647;
			files = (
			);
			runOnlyForDeploymentPostprocessing = 0;
		};
		024775982CF1FAA20061CA38 /* Resources */ = {
			isa = PBXResourcesBuildPhase;
			buildActionMask = 2147483647;
			files = (
			);
			runOnlyForDeploymentPostprocessing = 0;
		};
/* End PBXResourcesBuildPhase section */

/* Begin PBXSourcesBuildPhase section */
		0247757C2CF1FA9E0061CA38 /* Sources */ = {
			isa = PBXSourcesBuildPhase;
			buildActionMask = 2147483647;
			files = (
				024775862CF1FA9E0061CA38 /* ContentView.swift in Sources */,
				024775842CF1FA9E0061CA38 /* StoreAppDemoApp.swift in Sources */,
			);
			runOnlyForDeploymentPostprocessing = 0;
		};
		0247758C2CF1FAA20061CA38 /* Sources */ = {
			isa = PBXSourcesBuildPhase;
			buildActionMask = 2147483647;
			files = (
				024775952CF1FAA20061CA38 /* StoreAppDemoTests.swift in Sources */,
			);
			runOnlyForDeploymentPostprocessing = 0;
		};
		024775962CF1FAA20061CA38 /* Sources */ = {
			isa = PBXSourcesBuildPhase;
			buildActionMask = 2147483647;
			files = (
				0247759F2CF1FAA20061CA38 /* StoreAppDemoUITests.swift in Sources */,
				024775A12CF1FAA20061CA38 /* StoreAppDemoUITestsLaunchTests.swift in Sources */,
			);
			runOnlyForDeploymentPostprocessing = 0;
		};
/* End PBXSourcesBuildPhase section */

/* Begin PBXTargetDependency section */
		024775922CF1FAA20061CA38 /* PBXTargetDependency */ = {
			isa = PBXTargetDependency;
			target = 0247757F2CF1FA9E0061CA38 /* StoreAppDemo */;
			targetProxy = 024775912CF1FAA20061CA38 /* PBXContainerItemProxy */;
		};
		0247759C2CF1FAA20061CA38 /* PBXTargetDependency */ = {
			isa = PBXTargetDependency;
			target = 0247757F2CF1FA9E0061CA38 /* StoreAppDemo */;
			targetProxy = 0247759B2CF1FAA20061CA38 /* PBXContainerItemProxy */;
		};
/* End PBXTargetDependency section */

/* Begin XCBuildConfiguration section */
		024775A22CF1FAA20061CA38 /* Debug */ = {
			isa = XCBuildConfiguration;
			buildSettings = {
				ALWAYS_SEARCH_USER_PATHS = NO;
				ASSETCATALOG_COMPILER_GENERATE_SWIFT_ASSET_SYMBOL_EXTENSIONS = YES;
				CLANG_ANALYZER_NONNULL = YES;
				CLANG_ANALYZER_NUMBER_OBJECT_CONVERSION = YES_AGGRESSIVE;
				CLANG_CXX_LANGUAGE_STANDARD = "gnu++20";
				CLANG_ENABLE_MODULES = YES;
				CLANG_ENABLE_OBJC_ARC = YES;
				CLANG_ENABLE_OBJC_WEAK = YES;
				CLANG_WARN_BLOCK_CAPTURE_AUTORELEASING = YES;
				CLANG_WARN_BOOL_CONVERSION = YES;
				CLANG_WARN_COMMA = YES;
				CLANG_WARN_CONSTANT_CONVERSION = YES;
				CLANG_WARN_DEPRECATED_OBJC_IMPLEMENTATIONS = YES;
				CLANG_WARN_DIRECT_OBJC_ISA_USAGE = YES_ERROR;
				CLANG_WARN_DOCUMENTATION_COMMENTS = YES;
				CLANG_WARN_EMPTY_BODY = YES;
				CLANG_WARN_ENUM_CONVERSION = YES;
				CLANG_WARN_INFINITE_RECURSION = YES;
				CLANG_WARN_INT_CONVERSION = YES;
				CLANG_WARN_NON_LITERAL_NULL_CONVERSION = YES;
				CLANG_WARN_OBJC_IMPLICIT_RETAIN_SELF = YES;
				CLANG_WARN_OBJC_LITERAL_CONVERSION = YES;
				CLANG_WARN_OBJC_ROOT_CLASS = YES_ERROR;
				CLANG_WARN_QUOTED_INCLUDE_IN_FRAMEWORK_HEADER = YES;
				CLANG_WARN_RANGE_LOOP_ANALYSIS = YES;
				CLANG_WARN_STRICT_PROTOTYPES = YES;
				CLANG_WARN_SUSPICIOUS_MOVE = YES;
				CLANG_WARN_UNGUARDED_AVAILABILITY = YES_AGGRESSIVE;
				CLANG_WARN_UNREACHABLE_CODE = YES;
				CLANG_WARN__DUPLICATE_METHOD_MATCH = YES;
				COPY_PHASE_STRIP = NO;
				DEBUG_INFORMATION_FORMAT = dwarf;
				ENABLE_STRICT_OBJC_MSGSEND = YES;
				ENABLE_TESTABILITY = YES;
				ENABLE_USER_SCRIPT_SANDBOXING = YES;
				GCC_C_LANGUAGE_STANDARD = gnu17;
				GCC_DYNAMIC_NO_PIC = NO;
				GCC_NO_COMMON_BLOCKS = YES;
				GCC_OPTIMIZATION_LEVEL = 0;
				GCC_PREPROCESSOR_DEFINITIONS = (
					"DEBUG=1",
					"$(inherited)",
				);
				GCC_WARN_64_TO_32_BIT_CONVERSION = YES;
				GCC_WARN_ABOUT_RETURN_TYPE = YES_ERROR;
				GCC_WARN_UNDECLARED_SELECTOR = YES;
				GCC_WARN_UNINITIALIZED_AUTOS = YES_AGGRESSIVE;
				GCC_WARN_UNUSED_FUNCTION = YES;
				GCC_WARN_UNUSED_VARIABLE = YES;
				IPHONEOS_DEPLOYMENT_TARGET = 17.4;
				LOCALIZATION_PREFERS_STRING_CATALOGS = YES;
				MTL_ENABLE_DEBUG_INFO = INCLUDE_SOURCE;
				MTL_FAST_MATH = YES;
				ONLY_ACTIVE_ARCH = YES;
				SDKROOT = iphoneos;
				SWIFT_ACTIVE_COMPILATION_CONDITIONS = "DEBUG $(inherited)";
				SWIFT_OPTIMIZATION_LEVEL = "-Onone";
			};
			name = Debug;
		};
		024775A32CF1FAA20061CA38 /* Release */ = {
			isa = XCBuildConfiguration;
			buildSettings = {
				ALWAYS_SEARCH_USER_PATHS = NO;
				ASSETCATALOG_COMPILER_GENERATE_SWIFT_ASSET_SYMBOL_EXTENSIONS = YES;
				CLANG_ANALYZER_NONNULL = YES;
				CLANG_ANALYZER_NUMBER_OBJECT_CONVERSION = YES_AGGRESSIVE;
				CLANG_CXX_LANGUAGE_STANDARD = "gnu++20";
				CLANG_ENABLE_MODULES = YES;
				CLANG_ENABLE_OBJC_ARC = YES;
				CLANG_ENABLE_OBJC_WEAK = YES;
				CLANG_WARN_BLOCK_CAPTURE_AUTORELEASING = YES;
				CLANG_WARN_BOOL_CONVERSION = YES;
				CLANG_WARN_COMMA = YES;
				CLANG_WARN_CONSTANT_CONVERSION = YES;
				CLANG_WARN_DEPRECATED_OBJC_IMPLEMENTATIONS = YES;
				CLANG_WARN_DIRECT_OBJC_ISA_USAGE = YES_ERROR;
				CLANG_WARN_DOCUMENTATION_COMMENTS = YES;
				CLANG_WARN_EMPTY_BODY = YES;
				CLANG_WARN_ENUM_CONVERSION = YES;
				CLANG_WARN_INFINITE_RECURSION = YES;
				CLANG_WARN_INT_CONVERSION = YES;
				CLANG_WARN_NON_LITERAL_NULL_CONVERSION = YES;
				CLANG_WARN_OBJC_IMPLICIT_RETAIN_SELF = YES;
				CLANG_WARN_OBJC_LITERAL_CONVERSION = YES;
				CLANG_WARN_OBJC_ROOT_CLASS = YES_ERROR;
				CLANG_WARN_QUOTED_INCLUDE_IN_FRAMEWORK_HEADER = YES;
				CLANG_WARN_RANGE_LOOP_ANALYSIS = YES;
				CLANG_WARN_STRICT_PROTOTYPES = YES;
				CLANG_WARN_SUSPICIOUS_MOVE = YES;
				CLANG_WARN_UNGUARDED_AVAILABILITY = YES_AGGRESSIVE;
				CLANG_WARN_UNREACHABLE_CODE = YES;
				CLANG_WARN__DUPLICATE_METHOD_MATCH = YES;
				COPY_PHASE_STRIP = NO;
				DEBUG_INFORMATION_FORMAT = "dwarf-with-dsym";
				ENABLE_NS_ASSERTIONS = NO;
				ENABLE_STRICT_OBJC_MSGSEND = YES;
				ENABLE_USER_SCRIPT_SANDBOXING = YES;
				GCC_C_LANGUAGE_STANDARD = gnu17;
				GCC_NO_COMMON_BLOCKS = YES;
				GCC_WARN_64_TO_32_BIT_CONVERSION = YES;
				GCC_WARN_ABOUT_RETURN_TYPE = YES_ERROR;
				GCC_WARN_UNDECLARED_SELECTOR = YES;
				GCC_WARN_UNINITIALIZED_AUTOS = YES_AGGRESSIVE;
				GCC_WARN_UNUSED_FUNCTION = YES;
				GCC_WARN_UNUSED_VARIABLE = YES;
				IPHONEOS_DEPLOYMENT_TARGET = 17.4;
				LOCALIZATION_PREFERS_STRING_CATALOGS = YES;
				MTL_ENABLE_DEBUG_INFO = NO;
				MTL_FAST_MATH = YES;
				SDKROOT = iphoneos;
				SWIFT_COMPILATION_MODE = wholemodule;
				VALIDATE_PRODUCT = YES;
			};
			name = Release;
		};
		024775A52CF1FAA20061CA38 /* Debug */ = {
			isa = XCBuildConfiguration;
			buildSettings = {
				ASSETCATALOG_COMPILER_APPICON_NAME = AppIcon;
				ASSETCATALOG_COMPILER_GLOBAL_ACCENT_COLOR_NAME = AccentColor;
				CODE_SIGN_STYLE = Automatic;
				CURRENT_PROJECT_VERSION = 1;
				DEVELOPMENT_ASSET_PATHS = "\"StoreAppDemo/Preview Content\"";
				DEVELOPMENT_TEAM = 68223M5AWX;
				ENABLE_PREVIEWS = YES;
				GENERATE_INFOPLIST_FILE = YES;
				INFOPLIST_KEY_UIApplicationSceneManifest_Generation = YES;
				INFOPLIST_KEY_UIApplicationSupportsIndirectInputEvents = YES;
				INFOPLIST_KEY_UILaunchScreen_Generation = YES;
				INFOPLIST_KEY_UISupportedInterfaceOrientations_iPad = "UIInterfaceOrientationPortrait UIInterfaceOrientationPortraitUpsideDown UIInterfaceOrientationLandscapeLeft UIInterfaceOrientationLandscapeRight";
				INFOPLIST_KEY_UISupportedInterfaceOrientations_iPhone = "UIInterfaceOrientationPortrait UIInterfaceOrientationLandscapeLeft UIInterfaceOrientationLandscapeRight";
				LD_RUNPATH_SEARCH_PATHS = (
					"$(inherited)",
					"@executable_path/Frameworks",
				);
				MARKETING_VERSION = 1.0;
				PRODUCT_BUNDLE_IDENTIFIER = com.patrikCesnek.StoreAppDemo;
				PRODUCT_NAME = "$(TARGET_NAME)";
				SWIFT_EMIT_LOC_STRINGS = YES;
				SWIFT_VERSION = 5.0;
				TARGETED_DEVICE_FAMILY = "1,2";
			};
			name = Debug;
		};
		024775A62CF1FAA20061CA38 /* Release */ = {
			isa = XCBuildConfiguration;
			buildSettings = {
				ASSETCATALOG_COMPILER_APPICON_NAME = AppIcon;
				ASSETCATALOG_COMPILER_GLOBAL_ACCENT_COLOR_NAME = AccentColor;
				CODE_SIGN_STYLE = Automatic;
				CURRENT_PROJECT_VERSION = 1;
				DEVELOPMENT_ASSET_PATHS = "\"StoreAppDemo/Preview Content\"";
				DEVELOPMENT_TEAM = 68223M5AWX;
				ENABLE_PREVIEWS = YES;
				GENERATE_INFOPLIST_FILE = YES;
				INFOPLIST_KEY_UIApplicationSceneManifest_Generation = YES;
				INFOPLIST_KEY_UIApplicationSupportsIndirectInputEvents = YES;
				INFOPLIST_KEY_UILaunchScreen_Generation = YES;
				INFOPLIST_KEY_UISupportedInterfaceOrientations_iPad = "UIInterfaceOrientationPortrait UIInterfaceOrientationPortraitUpsideDown UIInterfaceOrientationLandscapeLeft UIInterfaceOrientationLandscapeRight";
				INFOPLIST_KEY_UISupportedInterfaceOrientations_iPhone = "UIInterfaceOrientationPortrait UIInterfaceOrientationLandscapeLeft UIInterfaceOrientationLandscapeRight";
				LD_RUNPATH_SEARCH_PATHS = (
					"$(inherited)",
					"@executable_path/Frameworks",
				);
				MARKETING_VERSION = 1.0;
				PRODUCT_BUNDLE_IDENTIFIER = com.patrikCesnek.StoreAppDemo;
				PRODUCT_NAME = "$(TARGET_NAME)";
				SWIFT_EMIT_LOC_STRINGS = YES;
				SWIFT_VERSION = 5.0;
				TARGETED_DEVICE_FAMILY = "1,2";
			};
			name = Release;
		};
		024775A82CF1FAA20061CA38 /* Debug */ = {
			isa = XCBuildConfiguration;
			buildSettings = {
				ALWAYS_EMBED_SWIFT_STANDARD_LIBRARIES = YES;
				BUNDLE_LOADER = "$(TEST_HOST)";
				CODE_SIGN_STYLE = Automatic;
				CURRENT_PROJECT_VERSION = 1;
				DEVELOPMENT_TEAM = 68223M5AWX;
				GENERATE_INFOPLIST_FILE = YES;
				IPHONEOS_DEPLOYMENT_TARGET = 17.4;
				MARKETING_VERSION = 1.0;
				PRODUCT_BUNDLE_IDENTIFIER = com.patrikCesnek.StoreAppDemoTests;
				PRODUCT_NAME = "$(TARGET_NAME)";
				SWIFT_EMIT_LOC_STRINGS = NO;
				SWIFT_VERSION = 5.0;
				TARGETED_DEVICE_FAMILY = "1,2";
				TEST_HOST = "$(BUILT_PRODUCTS_DIR)/StoreAppDemo.app/$(BUNDLE_EXECUTABLE_FOLDER_PATH)/StoreAppDemo";
			};
			name = Debug;
		};
		024775A92CF1FAA20061CA38 /* Release */ = {
			isa = XCBuildConfiguration;
			buildSettings = {
				ALWAYS_EMBED_SWIFT_STANDARD_LIBRARIES = YES;
				BUNDLE_LOADER = "$(TEST_HOST)";
				CODE_SIGN_STYLE = Automatic;
				CURRENT_PROJECT_VERSION = 1;
				DEVELOPMENT_TEAM = 68223M5AWX;
				GENERATE_INFOPLIST_FILE = YES;
				IPHONEOS_DEPLOYMENT_TARGET = 17.4;
				MARKETING_VERSION = 1.0;
				PRODUCT_BUNDLE_IDENTIFIER = com.patrikCesnek.StoreAppDemoTests;
				PRODUCT_NAME = "$(TARGET_NAME)";
				SWIFT_EMIT_LOC_STRINGS = NO;
				SWIFT_VERSION = 5.0;
				TARGETED_DEVICE_FAMILY = "1,2";
				TEST_HOST = "$(BUILT_PRODUCTS_DIR)/StoreAppDemo.app/$(BUNDLE_EXECUTABLE_FOLDER_PATH)/StoreAppDemo";
			};
			name = Release;
		};
		024775AB2CF1FAA20061CA38 /* Debug */ = {
			isa = XCBuildConfiguration;
			buildSettings = {
				ALWAYS_EMBED_SWIFT_STANDARD_LIBRARIES = YES;
				CODE_SIGN_STYLE = Automatic;
				CURRENT_PROJECT_VERSION = 1;
				DEVELOPMENT_TEAM = 68223M5AWX;
				GENERATE_INFOPLIST_FILE = YES;
				MARKETING_VERSION = 1.0;
				PRODUCT_BUNDLE_IDENTIFIER = com.patrikCesnek.StoreAppDemoUITests;
				PRODUCT_NAME = "$(TARGET_NAME)";
				SWIFT_EMIT_LOC_STRINGS = NO;
				SWIFT_VERSION = 5.0;
				TARGETED_DEVICE_FAMILY = "1,2";
				TEST_TARGET_NAME = StoreAppDemo;
			};
			name = Debug;
		};
		024775AC2CF1FAA20061CA38 /* Release */ = {
			isa = XCBuildConfiguration;
			buildSettings = {
				ALWAYS_EMBED_SWIFT_STANDARD_LIBRARIES = YES;
				CODE_SIGN_STYLE = Automatic;
				CURRENT_PROJECT_VERSION = 1;
				DEVELOPMENT_TEAM = 68223M5AWX;
				GENERATE_INFOPLIST_FILE = YES;
				MARKETING_VERSION = 1.0;
				PRODUCT_BUNDLE_IDENTIFIER = com.patrikCesnek.StoreAppDemoUITests;
				PRODUCT_NAME = "$(TARGET_NAME)";
				SWIFT_EMIT_LOC_STRINGS = NO;
				SWIFT_VERSION = 5.0;
				TARGETED_DEVICE_FAMILY = "1,2";
				TEST_TARGET_NAME = StoreAppDemo;
			};
			name = Release;
		};
/* End XCBuildConfiguration section */

/* Begin XCConfigurationList section */
		0247757B2CF1FA9E0061CA38 /* Build configuration list for PBXProject "StoreAppDemo" */ = {
			isa = XCConfigurationList;
			buildConfigurations = (
				024775A22CF1FAA20061CA38 /* Debug */,
				024775A32CF1FAA20061CA38 /* Release */,
			);
			defaultConfigurationIsVisible = 0;
			defaultConfigurationName = Release;
		};
		024775A42CF1FAA20061CA38 /* Build configuration list for PBXNativeTarget "StoreAppDemo" */ = {
			isa = XCConfigurationList;
			buildConfigurations = (
				024775A52CF1FAA20061CA38 /* Debug */,
				024775A62CF1FAA20061CA38 /* Release */,
			);
			defaultConfigurationIsVisible = 0;
			defaultConfigurationName = Release;
		};
		024775A72CF1FAA20061CA38 /* Build configuration list for PBXNativeTarget "StoreAppDemoTests" */ = {
			isa = XCConfigurationList;
			buildConfigurations = (
				024775A82CF1FAA20061CA38 /* Debug */,
				024775A92CF1FAA20061CA38 /* Release */,
			);
			defaultConfigurationIsVisible = 0;
			defaultConfigurationName = Release;
		};
		024775AA2CF1FAA20061CA38 /* Build configuration list for PBXNativeTarget "StoreAppDemoUITests" */ = {
			isa = XCConfigurationList;
			buildConfigurations = (
				024775AB2CF1FAA20061CA38 /* Debug */,
				024775AC2CF1FAA20061CA38 /* Release */,
			);
			defaultConfigurationIsVisible = 0;
			defaultConfigurationName = Release;
		};
/* End XCConfigurationList section */
	};
	rootObject = 024775782CF1FA9E0061CA38 /* Project object */;
}
